
Microsoft Visual Studio Solution File, Format Version 12.00
# Visual Studio 15
VisualStudioVersion = 15.0.27428.2027
MinimumVisualStudioVersion = 10.0.40219.1
Project("{8BC9CEB8-8B4A-11D0-8D11-00A0C91BC942}") = "1-4", "1-4\1-4.vcxproj", "{DB80355B-BEA7-4FA1-9209-178A23CC6A06}"
EndProject
Global
	GlobalSection(SolutionConfigurationPlatforms) = preSolution
		Debug|x64 = Debug|x64
		Debug|x86 = Debug|x86
		Release|x64 = Release|x64
		Release|x86 = Release|x86
	EndGlobalSection
	GlobalSection(ProjectConfigurationPlatforms) = postSolution
		{DB80355B-BEA7-4FA1-9209-178A23CC6A06}.Debug|x64.ActiveCfg = Debug|x64
		{DB80355B-BEA7-4FA1-9209-178A23CC6A06}.Debug|x64.Build.0 = Debug|x64
		{DB80355B-BEA7-4FA1-9209-178A23CC6A06}.Debug|x86.ActiveCfg = Debug|Win32
		{DB80355B-BEA7-4FA1-9209-178A23CC6A06}.Debug|x86.Build.0 = Debug|Win32
		{DB80355B-BEA7-4FA1-9209-178A23CC6A06}.Release|x64.ActiveCfg = Release|x64
		{DB80355B-BEA7-4FA1-9209-178A23CC6A06}.Release|x64.Build.0 = Release|x64
		{DB80355B-BEA7-4FA1-9209-178A23CC6A06}.Release|x86.ActiveCfg = Release|Win32
		{DB80355B-BEA7-4FA1-9209-178A23CC6A06}.Release|x86.Build.0 = Release|Win32
	EndGlobalSection
	GlobalSection(SolutionProperties) = preSolution
		HideSolutionNode = FALSE
	EndGlobalSection
	GlobalSection(ExtensibilityGlobals) = postSolution
		SolutionGuid = {93149BEA-9A82-4A34-9FF5-7FDCD2681264}
	EndGlobalSection
EndGlobal
