
Microsoft Visual Studio Solution File, Format Version 12.00
# Visual Studio 15
VisualStudioVersion = 15.0.27428.2027
MinimumVisualStudioVersion = 10.0.40219.1
Project("{8BC9CEB8-8B4A-11D0-8D11-00A0C91BC942}") = "3o1", "3o1\3o1.vcxproj", "{F321FDC9-AE72-42B8-8666-7DC65294D864}"
EndProject
Global
	GlobalSection(SolutionConfigurationPlatforms) = preSolution
		Debug|x64 = Debug|x64
		Debug|x86 = Debug|x86
		Release|x64 = Release|x64
		Release|x86 = Release|x86
	EndGlobalSection
	GlobalSection(ProjectConfigurationPlatforms) = postSolution
		{F321FDC9-AE72-42B8-8666-7DC65294D864}.Debug|x64.ActiveCfg = Debug|x64
		{F321FDC9-AE72-42B8-8666-7DC65294D864}.Debug|x64.Build.0 = Debug|x64
		{F321FDC9-AE72-42B8-8666-7DC65294D864}.Debug|x86.ActiveCfg = Debug|Win32
		{F321FDC9-AE72-42B8-8666-7DC65294D864}.Debug|x86.Build.0 = Debug|Win32
		{F321FDC9-AE72-42B8-8666-7DC65294D864}.Release|x64.ActiveCfg = Release|x64
		{F321FDC9-AE72-42B8-8666-7DC65294D864}.Release|x64.Build.0 = Release|x64
		{F321FDC9-AE72-42B8-8666-7DC65294D864}.Release|x86.ActiveCfg = Release|Win32
		{F321FDC9-AE72-42B8-8666-7DC65294D864}.Release|x86.Build.0 = Release|Win32
	EndGlobalSection
	GlobalSection(SolutionProperties) = preSolution
		HideSolutionNode = FALSE
	EndGlobalSection
	GlobalSection(ExtensibilityGlobals) = postSolution
		SolutionGuid = {BE4E6FE5-9928-4AD5-8E09-633B99C46D02}
	EndGlobalSection
EndGlobal
